Microsoft Visual Studio Solution File, Format Version 11.00
# Visual Studio 2008

Project("{3E955BAC-50B5-80E1-79D4-C91C472EE1B5}") = "Testing_Menu", "Assembly-CSharp-firstpass.csproj", "{790F64EA-2784-2920-3319-E4E48B417BB2}"
EndProject
Project("{3E955BAC-50B5-80E1-79D4-C91C472EE1B5}") = "Testing_Menu", "Assembly-CSharp.csproj", "{A01D9061-873E-438B-F39E-6B9CE4A011FB}"
EndProject
Project("{3E955BAC-50B5-80E1-79D4-C91C472EE1B5}") = "Testing_Menu", "Assembly-CSharp-Editor.csproj", "{0FBAD29C-C26C-C241-E615-B98139DD36DF}"
EndProject
Project("{3E955BAC-50B5-80E1-79D4-C91C472EE1B5}") = "Testing_Menu", "Assembly-UnityScript.unityproj", "{9947D036-FFDB-1F41-8F60-D1E3F954CEA5}"
EndProject
Global
	GlobalSection(SolutionConfigurationPlatforms) = preSolution
		Debug|Any CPU = Debug|Any CPU
		Release|Any CPU = Release|Any CPU
	EndGlobalSection
	GlobalSection(ProjectConfigurationPlatforms) = postSolution
		{790F64EA-2784-2920-3319-E4E48B417BB2}.Debug|Any CPU.ActiveCfg = Debug|Any CPU
		{790F64EA-2784-2920-3319-E4E48B417BB2}.Debug|Any CPU.Build.0 = Debug|Any CPU
		{790F64EA-2784-2920-3319-E4E48B417BB2}.Release|Any CPU.ActiveCfg = Release|Any CPU
		{790F64EA-2784-2920-3319-E4E48B417BB2}.Release|Any CPU.Build.0 = Release|Any CPU
		{A01D9061-873E-438B-F39E-6B9CE4A011FB}.Debug|Any CPU.ActiveCfg = Debug|Any CPU
		{A01D9061-873E-438B-F39E-6B9CE4A011FB}.Debug|Any CPU.Build.0 = Debug|Any CPU
		{A01D9061-873E-438B-F39E-6B9CE4A011FB}.Release|Any CPU.ActiveCfg = Release|Any CPU
		{A01D9061-873E-438B-F39E-6B9CE4A011FB}.Release|Any CPU.Build.0 = Release|Any CPU
		{0FBAD29C-C26C-C241-E615-B98139DD36DF}.Debug|Any CPU.ActiveCfg = Debug|Any CPU
		{0FBAD29C-C26C-C241-E615-B98139DD36DF}.Debug|Any CPU.Build.0 = Debug|Any CPU
		{0FBAD29C-C26C-C241-E615-B98139DD36DF}.Release|Any CPU.ActiveCfg = Release|Any CPU
		{0FBAD29C-C26C-C241-E615-B98139DD36DF}.Release|Any CPU.Build.0 = Release|Any CPU
		{9947D036-FFDB-1F41-8F60-D1E3F954CEA5}.Debug|Any CPU.ActiveCfg = Debug|Any CPU
		{9947D036-FFDB-1F41-8F60-D1E3F954CEA5}.Debug|Any CPU.Build.0 = Debug|Any CPU
		{9947D036-FFDB-1F41-8F60-D1E3F954CEA5}.Release|Any CPU.ActiveCfg = Release|Any CPU
		{9947D036-FFDB-1F41-8F60-D1E3F954CEA5}.Release|Any CPU.Build.0 = Release|Any CPU
	EndGlobalSection
	GlobalSection(SolutionProperties) = preSolution
		HideSolutionNode = FALSE
	EndGlobalSection
				GlobalSection(MonoDevelopProperties) = preSolution
		StartupItem = Assembly-CSharp.csproj
		Policies = $0
		$0.TextStylePolicy = $1
		$1.inheritsSet = null
		$1.scope = text/x-csharp
		$0.CSharpFormattingPolicy = $2
		$2.inheritsSet = Mono
		$2.inheritsScope = text/x-csharp
		$2.scope = text/x-csharp
		$0.TextStylePolicy = $3
		$3.FileWidth = 120
		$3.TabWidth = 4
		$3.IndentWidth = 4
		$3.EolMarker = Unix
		$3.inheritsSet = Mono
		$3.inheritsScope = text/plain
		$3.scope = text/plain
	EndGlobalSection

EndGlobal
